
Microsoft Visual Studio Solution File, Format Version 12.00
# Visual Studio Version 17
VisualStudioVersion = 17.11.35327.3
MinimumVisualStudioVersion = 10.0.40219.1
Project("{FAE04EC0-301F-11D3-BF4B-00C04F79EFBC}") = "AutomationPractice", "AutomationPractice.csproj", "{4443C259-0C72-4892-99C4-962AB85F32C2}"
EndProject
Global
	GlobalSection(SolutionConfigurationPlatforms) = preSolution
		Debug|Any CPU = Debug|Any CPU
		Release|Any CPU = Release|Any CPU
	EndGlobalSection
	GlobalSection(ProjectConfigurationPlatforms) = postSolution
		{4443C259-0C72-4892-99C4-962AB85F32C2}.Debug|Any CPU.ActiveCfg = Debug|Any CPU
		{4443C259-0C72-4892-99C4-962AB85F32C2}.Debug|Any CPU.Build.0 = Debug|Any CPU
		{4443C259-0C72-4892-99C4-962AB85F32C2}.Release|Any CPU.ActiveCfg = Release|Any CPU
		{4443C259-0C72-4892-99C4-962AB85F32C2}.Release|Any CPU.Build.0 = Release|Any CPU
	EndGlobalSection
	GlobalSection(SolutionProperties) = preSolution
		HideSolutionNode = FALSE
	EndGlobalSection
	GlobalSection(ExtensibilityGlobals) = postSolution
		SolutionGuid = {31744874-3735-471C-B589-6E28A23D98DB}
	EndGlobalSection
EndGlobal
